
Microsoft Visual Studio Solution File, Format Version 12.00
# Visual Studio 14
VisualStudioVersion = 14.0.25420.1
MinimumVisualStudioVersion = 10.0.40219.1
Project("{FAE04EC0-301F-11D3-BF4B-00C04F79EFBC}") = "01CountRealNumbers", "01CountRealNumbers\01CountRealNumbers.csproj", "{5567DF7F-BE19-4531-99C7-D76EE2DCFC1A}"
EndProject
Project("{FAE04EC0-301F-11D3-BF4B-00C04F79EFBC}") = "02OddOccurrences", "02OddOccurrences\02OddOccurrences.csproj", "{80D1D8AC-4F3F-4F27-8324-569E467B1E63}"
EndProject
Project("{FAE04EC0-301F-11D3-BF4B-00C04F79EFBC}") = "03Phonebook", "03Phonebook\03Phonebook.csproj", "{FABF6548-0377-43D4-B0D6-ADBBF3F5C999}"
EndProject
Global
	GlobalSection(SolutionConfigurationPlatforms) = preSolution
		Debug|Any CPU = Debug|Any CPU
		Release|Any CPU = Release|Any CPU
	EndGlobalSection
	GlobalSection(ProjectConfigurationPlatforms) = postSolution
		{5567DF7F-BE19-4531-99C7-D76EE2DCFC1A}.Debug|Any CPU.ActiveCfg = Debug|Any CPU
		{5567DF7F-BE19-4531-99C7-D76EE2DCFC1A}.Debug|Any CPU.Build.0 = Debug|Any CPU
		{5567DF7F-BE19-4531-99C7-D76EE2DCFC1A}.Release|Any CPU.ActiveCfg = Release|Any CPU
		{5567DF7F-BE19-4531-99C7-D76EE2DCFC1A}.Release|Any CPU.Build.0 = Release|Any CPU
		{80D1D8AC-4F3F-4F27-8324-569E467B1E63}.Debug|Any CPU.ActiveCfg = Debug|Any CPU
		{80D1D8AC-4F3F-4F27-8324-569E467B1E63}.Debug|Any CPU.Build.0 = Debug|Any CPU
		{80D1D8AC-4F3F-4F27-8324-569E467B1E63}.Release|Any CPU.ActiveCfg = Release|Any CPU
		{80D1D8AC-4F3F-4F27-8324-569E467B1E63}.Release|Any CPU.Build.0 = Release|Any CPU
		{FABF6548-0377-43D4-B0D6-ADBBF3F5C999}.Debug|Any CPU.ActiveCfg = Debug|Any CPU
		{FABF6548-0377-43D4-B0D6-ADBBF3F5C999}.Debug|Any CPU.Build.0 = Debug|Any CPU
		{FABF6548-0377-43D4-B0D6-ADBBF3F5C999}.Release|Any CPU.ActiveCfg = Release|Any CPU
		{FABF6548-0377-43D4-B0D6-ADBBF3F5C999}.Release|Any CPU.Build.0 = Release|Any CPU
	EndGlobalSection
	GlobalSection(SolutionProperties) = preSolution
		HideSolutionNode = FALSE
	EndGlobalSection
EndGlobal
