
Microsoft Visual Studio Solution File, Format Version 12.00
# Visual Studio 14
VisualStudioVersion = 14.0.25420.1
MinimumVisualStudioVersion = 10.0.40219.1
Project("{FAE04EC0-301F-11D3-BF4B-00C04F79EFBC}") = "15DistanceBetweenPoints", "15DistanceBetweenPoints\15DistanceBetweenPoints.csproj", "{FD91228F-54BA-44B9-B46F-A5733BB6151F}"
EndProject
Project("{FAE04EC0-301F-11D3-BF4B-00C04F79EFBC}") = "16SalesReport", "16SalesReport\16SalesReport.csproj", "{8EC9F57E-3C25-445D-9AF2-CB3A84703BE6}"
EndProject
Project("{FAE04EC0-301F-11D3-BF4B-00C04F79EFBC}") = "17ClosestTwoPoints", "17ClosestTwoPoints\17ClosestTwoPoints.csproj", "{B623AEEF-DFEE-41A0-B809-6DBA3B46A747}"
EndProject
Project("{FAE04EC0-301F-11D3-BF4B-00C04F79EFBC}") = "18IntersectionOfCircles", "18IntersectionOfCircles\18IntersectionOfCircles.csproj", "{D4F3E0A9-F243-49FD-B806-DEF5F8965C73}"
EndProject
Project("{FAE04EC0-301F-11D3-BF4B-00C04F79EFBC}") = "19AverageGrades", "19AverageGrades\19AverageGrades.csproj", "{E4742B2A-73D3-4004-A1E1-E6E43AA2D2A1}"
EndProject
Project("{FAE04EC0-301F-11D3-BF4B-00C04F79EFBC}") = "20BookLibrary", "20BookLibrary\20BookLibrary.csproj", "{F27C3B27-F5C2-4E53-BBDC-E9856F9BF653}"
EndProject
Project("{FAE04EC0-301F-11D3-BF4B-00C04F79EFBC}") = "21BookLibraryModification", "21BookLibraryModification\21BookLibraryModification.csproj", "{6BFCB6CD-419C-464E-A4CC-8070C5D16070}"
EndProject
Project("{FAE04EC0-301F-11D3-BF4B-00C04F79EFBC}") = "22AndreyAndBilliard", "22AndreyAndBilliard\22AndreyAndBilliard.csproj", "{997B0A92-1AF9-42F3-A9A9-C9F7EE264C51}"
EndProject
Project("{FAE04EC0-301F-11D3-BF4B-00C04F79EFBC}") = "23MentorGroup", "23MentorGroup\23MentorGroup.csproj", "{BC746AE1-6144-49A3-ACDD-A5A68907204C}"
EndProject
Project("{FAE04EC0-301F-11D3-BF4B-00C04F79EFBC}") = "24TeamworkProjects", "24TeamworkProjects\24TeamworkProjects.csproj", "{B25991EA-4C82-46D1-9516-FD4924F484BE}"
EndProject
Project("{FAE04EC0-301F-11D3-BF4B-00C04F79EFBC}") = "25StudentGroups", "25StudentGroups\25StudentGroups.csproj", "{1741049C-20F4-4AC9-B30F-311CCE004A8C}"
EndProject
Global
	GlobalSection(SolutionConfigurationPlatforms) = preSolution
		Debug|Any CPU = Debug|Any CPU
		Release|Any CPU = Release|Any CPU
	EndGlobalSection
	GlobalSection(ProjectConfigurationPlatforms) = postSolution
		{FD91228F-54BA-44B9-B46F-A5733BB6151F}.Debug|Any CPU.ActiveCfg = Debug|Any CPU
		{FD91228F-54BA-44B9-B46F-A5733BB6151F}.Debug|Any CPU.Build.0 = Debug|Any CPU
		{FD91228F-54BA-44B9-B46F-A5733BB6151F}.Release|Any CPU.ActiveCfg = Release|Any CPU
		{FD91228F-54BA-44B9-B46F-A5733BB6151F}.Release|Any CPU.Build.0 = Release|Any CPU
		{8EC9F57E-3C25-445D-9AF2-CB3A84703BE6}.Debug|Any CPU.ActiveCfg = Debug|Any CPU
		{8EC9F57E-3C25-445D-9AF2-CB3A84703BE6}.Debug|Any CPU.Build.0 = Debug|Any CPU
		{8EC9F57E-3C25-445D-9AF2-CB3A84703BE6}.Release|Any CPU.ActiveCfg = Release|Any CPU
		{8EC9F57E-3C25-445D-9AF2-CB3A84703BE6}.Release|Any CPU.Build.0 = Release|Any CPU
		{B623AEEF-DFEE-41A0-B809-6DBA3B46A747}.Debug|Any CPU.ActiveCfg = Debug|Any CPU
		{B623AEEF-DFEE-41A0-B809-6DBA3B46A747}.Debug|Any CPU.Build.0 = Debug|Any CPU
		{B623AEEF-DFEE-41A0-B809-6DBA3B46A747}.Release|Any CPU.ActiveCfg = Release|Any CPU
		{B623AEEF-DFEE-41A0-B809-6DBA3B46A747}.Release|Any CPU.Build.0 = Release|Any CPU
		{D4F3E0A9-F243-49FD-B806-DEF5F8965C73}.Debug|Any CPU.ActiveCfg = Debug|Any CPU
		{D4F3E0A9-F243-49FD-B806-DEF5F8965C73}.Debug|Any CPU.Build.0 = Debug|Any CPU
		{D4F3E0A9-F243-49FD-B806-DEF5F8965C73}.Release|Any CPU.ActiveCfg = Release|Any CPU
		{D4F3E0A9-F243-49FD-B806-DEF5F8965C73}.Release|Any CPU.Build.0 = Release|Any CPU
		{E4742B2A-73D3-4004-A1E1-E6E43AA2D2A1}.Debug|Any CPU.ActiveCfg = Debug|Any CPU
		{E4742B2A-73D3-4004-A1E1-E6E43AA2D2A1}.Debug|Any CPU.Build.0 = Debug|Any CPU
		{E4742B2A-73D3-4004-A1E1-E6E43AA2D2A1}.Release|Any CPU.ActiveCfg = Release|Any CPU
		{E4742B2A-73D3-4004-A1E1-E6E43AA2D2A1}.Release|Any CPU.Build.0 = Release|Any CPU
		{F27C3B27-F5C2-4E53-BBDC-E9856F9BF653}.Debug|Any CPU.ActiveCfg = Debug|Any CPU
		{F27C3B27-F5C2-4E53-BBDC-E9856F9BF653}.Debug|Any CPU.Build.0 = Debug|Any CPU
		{F27C3B27-F5C2-4E53-BBDC-E9856F9BF653}.Release|Any CPU.ActiveCfg = Release|Any CPU
		{F27C3B27-F5C2-4E53-BBDC-E9856F9BF653}.Release|Any CPU.Build.0 = Release|Any CPU
		{6BFCB6CD-419C-464E-A4CC-8070C5D16070}.Debug|Any CPU.ActiveCfg = Debug|Any CPU
		{6BFCB6CD-419C-464E-A4CC-8070C5D16070}.Debug|Any CPU.Build.0 = Debug|Any CPU
		{6BFCB6CD-419C-464E-A4CC-8070C5D16070}.Release|Any CPU.ActiveCfg = Release|Any CPU
		{6BFCB6CD-419C-464E-A4CC-8070C5D16070}.Release|Any CPU.Build.0 = Release|Any CPU
		{997B0A92-1AF9-42F3-A9A9-C9F7EE264C51}.Debug|Any CPU.ActiveCfg = Debug|Any CPU
		{997B0A92-1AF9-42F3-A9A9-C9F7EE264C51}.Debug|Any CPU.Build.0 = Debug|Any CPU
		{997B0A92-1AF9-42F3-A9A9-C9F7EE264C51}.Release|Any CPU.ActiveCfg = Release|Any CPU
		{997B0A92-1AF9-42F3-A9A9-C9F7EE264C51}.Release|Any CPU.Build.0 = Release|Any CPU
		{BC746AE1-6144-49A3-ACDD-A5A68907204C}.Debug|Any CPU.ActiveCfg = Debug|Any CPU
		{BC746AE1-6144-49A3-ACDD-A5A68907204C}.Debug|Any CPU.Build.0 = Debug|Any CPU
		{BC746AE1-6144-49A3-ACDD-A5A68907204C}.Release|Any CPU.ActiveCfg = Release|Any CPU
		{BC746AE1-6144-49A3-ACDD-A5A68907204C}.Release|Any CPU.Build.0 = Release|Any CPU
		{B25991EA-4C82-46D1-9516-FD4924F484BE}.Debug|Any CPU.ActiveCfg = Debug|Any CPU
		{B25991EA-4C82-46D1-9516-FD4924F484BE}.Debug|Any CPU.Build.0 = Debug|Any CPU
		{B25991EA-4C82-46D1-9516-FD4924F484BE}.Release|Any CPU.ActiveCfg = Release|Any CPU
		{B25991EA-4C82-46D1-9516-FD4924F484BE}.Release|Any CPU.Build.0 = Release|Any CPU
		{1741049C-20F4-4AC9-B30F-311CCE004A8C}.Debug|Any CPU.ActiveCfg = Debug|Any CPU
		{1741049C-20F4-4AC9-B30F-311CCE004A8C}.Debug|Any CPU.Build.0 = Debug|Any CPU
		{1741049C-20F4-4AC9-B30F-311CCE004A8C}.Release|Any CPU.ActiveCfg = Release|Any CPU
		{1741049C-20F4-4AC9-B30F-311CCE004A8C}.Release|Any CPU.Build.0 = Release|Any CPU
	EndGlobalSection
	GlobalSection(SolutionProperties) = preSolution
		HideSolutionNode = FALSE
	EndGlobalSection
EndGlobal
