
Microsoft Visual Studio Solution File, Format Version 12.00
# Visual Studio 14
VisualStudioVersion = 14.0.25420.1
MinimumVisualStudioVersion = 10.0.40219.1
Project("{FAE04EC0-301F-11D3-BF4B-00C04F79EFBC}") = "01DayOfWeek", "01DayOfWeek\01DayOfWeek.csproj", "{536443FD-4260-41DC-8FE8-4E11C03E28E9}"
EndProject
Project("{FAE04EC0-301F-11D3-BF4B-00C04F79EFBC}") = "02ReverseAnArrayOfIntegers", "02ReverseAnArrayOfIntegers\02ReverseAnArrayOfIntegers.csproj", "{2342E539-7F59-4568-876D-B3806CB898E0}"
EndProject
Project("{FAE04EC0-301F-11D3-BF4B-00C04F79EFBC}") = "03TripleSum", "03TripleSum\03TripleSum.csproj", "{CD0F0927-C55F-417E-939D-2DC6A8F86103}"
EndProject
Project("{FAE04EC0-301F-11D3-BF4B-00C04F79EFBC}") = "04SumArrays", "04SumArrays\04SumArrays.csproj", "{83654420-A242-4D28-B312-F93D070DE004}"
EndProject
Project("{FAE04EC0-301F-11D3-BF4B-00C04F79EFBC}") = "05CondenseArrayToNumber", "05CondenseArrayToNumber\05CondenseArrayToNumber.csproj", "{16948BBF-F673-4B23-AF22-149DB64CB3E8}"
EndProject
Project("{FAE04EC0-301F-11D3-BF4B-00C04F79EFBC}") = "06ExtractMiddle1_2or3Elements", "06ExtractMiddle1_2or3Elements\06ExtractMiddle1_2or3Elements.csproj", "{336D7E12-D8F1-457B-8FC9-8B71E923B101}"
EndProject
Project("{FAE04EC0-301F-11D3-BF4B-00C04F79EFBC}") = "07LastKNumbersSumsSequence", "07LastKNumbersSumsSequence\07LastKNumbersSumsSequence.csproj", "{D4EB73AA-654A-411D-BA0D-2E112B7A63C4}"
EndProject
Project("{FAE04EC0-301F-11D3-BF4B-00C04F79EFBC}") = "08LargestCommonEnd", "08LargestCommonEnd\08LargestCommonEnd.csproj", "{38C8A88D-80C7-42A9-9032-5D790F0F7D68}"
EndProject
Project("{FAE04EC0-301F-11D3-BF4B-00C04F79EFBC}") = "09RotateAndSum", "09RotateAndSum\09RotateAndSum.csproj", "{89F132B3-DFF3-4331-82AE-E072304591B6}"
EndProject
Project("{FAE04EC0-301F-11D3-BF4B-00C04F79EFBC}") = "10FoldAndSum", "10FoldAndSum\10FoldAndSum.csproj", "{FEB6B8FF-76C6-45A2-B684-9A20D65CAF52}"
EndProject
Project("{FAE04EC0-301F-11D3-BF4B-00C04F79EFBC}") = "11CompareCharArrays", "11CompareCharArrays\11CompareCharArrays.csproj", "{9CD05DE5-396E-4098-BDB9-B783758D7FB9}"
EndProject
Project("{FAE04EC0-301F-11D3-BF4B-00C04F79EFBC}") = "10FoldAndSum_v2", "10FoldAndSum_v2\10FoldAndSum_v2.csproj", "{C122017C-E8E3-4A35-B53C-88507681B0A9}"
EndProject
Project("{FAE04EC0-301F-11D3-BF4B-00C04F79EFBC}") = "12MaxSequenceOfEqualElements", "12MaxSequenceOfEqualElements\12MaxSequenceOfEqualElements.csproj", "{C2874B32-9F03-4E28-99C3-0D6285947F63}"
EndProject
Project("{FAE04EC0-301F-11D3-BF4B-00C04F79EFBC}") = "13MaxSequenceOfIncreasingElements", "13MaxSequenceOfIncreasingElements\13MaxSequenceOfIncreasingElements.csproj", "{EBD535D5-12C2-4F8C-B657-6956B50D7544}"
EndProject
Project("{FAE04EC0-301F-11D3-BF4B-00C04F79EFBC}") = "14MostFrequentNumber", "14MostFrequentNumber\14MostFrequentNumber.csproj", "{A91A479C-329D-4901-B362-B93A5DFB5288}"
EndProject
Project("{FAE04EC0-301F-11D3-BF4B-00C04F79EFBC}") = "15IndexOfLetters", "15IndexOfLetters\15IndexOfLetters.csproj", "{80F4D19A-20A1-425E-83F1-59AB0262D088}"
EndProject
Project("{FAE04EC0-301F-11D3-BF4B-00C04F79EFBC}") = "16PairsByDifference", "16PairsByDifference\16PairsByDifference.csproj", "{ECC0D26C-5776-4F13-B48A-4C68E4CFA301}"
EndProject
Global
	GlobalSection(SolutionConfigurationPlatforms) = preSolution
		Debug|Any CPU = Debug|Any CPU
		Release|Any CPU = Release|Any CPU
	EndGlobalSection
	GlobalSection(ProjectConfigurationPlatforms) = postSolution
		{536443FD-4260-41DC-8FE8-4E11C03E28E9}.Debug|Any CPU.ActiveCfg = Debug|Any CPU
		{536443FD-4260-41DC-8FE8-4E11C03E28E9}.Debug|Any CPU.Build.0 = Debug|Any CPU
		{536443FD-4260-41DC-8FE8-4E11C03E28E9}.Release|Any CPU.ActiveCfg = Release|Any CPU
		{536443FD-4260-41DC-8FE8-4E11C03E28E9}.Release|Any CPU.Build.0 = Release|Any CPU
		{2342E539-7F59-4568-876D-B3806CB898E0}.Debug|Any CPU.ActiveCfg = Debug|Any CPU
		{2342E539-7F59-4568-876D-B3806CB898E0}.Debug|Any CPU.Build.0 = Debug|Any CPU
		{2342E539-7F59-4568-876D-B3806CB898E0}.Release|Any CPU.ActiveCfg = Release|Any CPU
		{2342E539-7F59-4568-876D-B3806CB898E0}.Release|Any CPU.Build.0 = Release|Any CPU
		{CD0F0927-C55F-417E-939D-2DC6A8F86103}.Debug|Any CPU.ActiveCfg = Debug|Any CPU
		{CD0F0927-C55F-417E-939D-2DC6A8F86103}.Debug|Any CPU.Build.0 = Debug|Any CPU
		{CD0F0927-C55F-417E-939D-2DC6A8F86103}.Release|Any CPU.ActiveCfg = Release|Any CPU
		{CD0F0927-C55F-417E-939D-2DC6A8F86103}.Release|Any CPU.Build.0 = Release|Any CPU
		{83654420-A242-4D28-B312-F93D070DE004}.Debug|Any CPU.ActiveCfg = Debug|Any CPU
		{83654420-A242-4D28-B312-F93D070DE004}.Debug|Any CPU.Build.0 = Debug|Any CPU
		{83654420-A242-4D28-B312-F93D070DE004}.Release|Any CPU.ActiveCfg = Release|Any CPU
		{83654420-A242-4D28-B312-F93D070DE004}.Release|Any CPU.Build.0 = Release|Any CPU
		{16948BBF-F673-4B23-AF22-149DB64CB3E8}.Debug|Any CPU.ActiveCfg = Debug|Any CPU
		{16948BBF-F673-4B23-AF22-149DB64CB3E8}.Debug|Any CPU.Build.0 = Debug|Any CPU
		{16948BBF-F673-4B23-AF22-149DB64CB3E8}.Release|Any CPU.ActiveCfg = Release|Any CPU
		{16948BBF-F673-4B23-AF22-149DB64CB3E8}.Release|Any CPU.Build.0 = Release|Any CPU
		{336D7E12-D8F1-457B-8FC9-8B71E923B101}.Debug|Any CPU.ActiveCfg = Debug|Any CPU
		{336D7E12-D8F1-457B-8FC9-8B71E923B101}.Debug|Any CPU.Build.0 = Debug|Any CPU
		{336D7E12-D8F1-457B-8FC9-8B71E923B101}.Release|Any CPU.ActiveCfg = Release|Any CPU
		{336D7E12-D8F1-457B-8FC9-8B71E923B101}.Release|Any CPU.Build.0 = Release|Any CPU
		{D4EB73AA-654A-411D-BA0D-2E112B7A63C4}.Debug|Any CPU.ActiveCfg = Debug|Any CPU
		{D4EB73AA-654A-411D-BA0D-2E112B7A63C4}.Debug|Any CPU.Build.0 = Debug|Any CPU
		{D4EB73AA-654A-411D-BA0D-2E112B7A63C4}.Release|Any CPU.ActiveCfg = Release|Any CPU
		{D4EB73AA-654A-411D-BA0D-2E112B7A63C4}.Release|Any CPU.Build.0 = Release|Any CPU
		{38C8A88D-80C7-42A9-9032-5D790F0F7D68}.Debug|Any CPU.ActiveCfg = Debug|Any CPU
		{38C8A88D-80C7-42A9-9032-5D790F0F7D68}.Debug|Any CPU.Build.0 = Debug|Any CPU
		{38C8A88D-80C7-42A9-9032-5D790F0F7D68}.Release|Any CPU.ActiveCfg = Release|Any CPU
		{38C8A88D-80C7-42A9-9032-5D790F0F7D68}.Release|Any CPU.Build.0 = Release|Any CPU
		{89F132B3-DFF3-4331-82AE-E072304591B6}.Debug|Any CPU.ActiveCfg = Debug|Any CPU
		{89F132B3-DFF3-4331-82AE-E072304591B6}.Debug|Any CPU.Build.0 = Debug|Any CPU
		{89F132B3-DFF3-4331-82AE-E072304591B6}.Release|Any CPU.ActiveCfg = Release|Any CPU
		{89F132B3-DFF3-4331-82AE-E072304591B6}.Release|Any CPU.Build.0 = Release|Any CPU
		{FEB6B8FF-76C6-45A2-B684-9A20D65CAF52}.Debug|Any CPU.ActiveCfg = Debug|Any CPU
		{FEB6B8FF-76C6-45A2-B684-9A20D65CAF52}.Debug|Any CPU.Build.0 = Debug|Any CPU
		{FEB6B8FF-76C6-45A2-B684-9A20D65CAF52}.Release|Any CPU.ActiveCfg = Release|Any CPU
		{FEB6B8FF-76C6-45A2-B684-9A20D65CAF52}.Release|Any CPU.Build.0 = Release|Any CPU
		{9CD05DE5-396E-4098-BDB9-B783758D7FB9}.Debug|Any CPU.ActiveCfg = Debug|Any CPU
		{9CD05DE5-396E-4098-BDB9-B783758D7FB9}.Debug|Any CPU.Build.0 = Debug|Any CPU
		{9CD05DE5-396E-4098-BDB9-B783758D7FB9}.Release|Any CPU.ActiveCfg = Release|Any CPU
		{9CD05DE5-396E-4098-BDB9-B783758D7FB9}.Release|Any CPU.Build.0 = Release|Any CPU
		{C122017C-E8E3-4A35-B53C-88507681B0A9}.Debug|Any CPU.ActiveCfg = Debug|Any CPU
		{C122017C-E8E3-4A35-B53C-88507681B0A9}.Debug|Any CPU.Build.0 = Debug|Any CPU
		{C122017C-E8E3-4A35-B53C-88507681B0A9}.Release|Any CPU.ActiveCfg = Release|Any CPU
		{C122017C-E8E3-4A35-B53C-88507681B0A9}.Release|Any CPU.Build.0 = Release|Any CPU
		{C2874B32-9F03-4E28-99C3-0D6285947F63}.Debug|Any CPU.ActiveCfg = Debug|Any CPU
		{C2874B32-9F03-4E28-99C3-0D6285947F63}.Debug|Any CPU.Build.0 = Debug|Any CPU
		{C2874B32-9F03-4E28-99C3-0D6285947F63}.Release|Any CPU.ActiveCfg = Release|Any CPU
		{C2874B32-9F03-4E28-99C3-0D6285947F63}.Release|Any CPU.Build.0 = Release|Any CPU
		{EBD535D5-12C2-4F8C-B657-6956B50D7544}.Debug|Any CPU.ActiveCfg = Debug|Any CPU
		{EBD535D5-12C2-4F8C-B657-6956B50D7544}.Debug|Any CPU.Build.0 = Debug|Any CPU
		{EBD535D5-12C2-4F8C-B657-6956B50D7544}.Release|Any CPU.ActiveCfg = Release|Any CPU
		{EBD535D5-12C2-4F8C-B657-6956B50D7544}.Release|Any CPU.Build.0 = Release|Any CPU
		{A91A479C-329D-4901-B362-B93A5DFB5288}.Debug|Any CPU.ActiveCfg = Debug|Any CPU
		{A91A479C-329D-4901-B362-B93A5DFB5288}.Debug|Any CPU.Build.0 = Debug|Any CPU
		{A91A479C-329D-4901-B362-B93A5DFB5288}.Release|Any CPU.ActiveCfg = Release|Any CPU
		{A91A479C-329D-4901-B362-B93A5DFB5288}.Release|Any CPU.Build.0 = Release|Any CPU
		{80F4D19A-20A1-425E-83F1-59AB0262D088}.Debug|Any CPU.ActiveCfg = Debug|Any CPU
		{80F4D19A-20A1-425E-83F1-59AB0262D088}.Debug|Any CPU.Build.0 = Debug|Any CPU
		{80F4D19A-20A1-425E-83F1-59AB0262D088}.Release|Any CPU.ActiveCfg = Release|Any CPU
		{80F4D19A-20A1-425E-83F1-59AB0262D088}.Release|Any CPU.Build.0 = Release|Any CPU
		{ECC0D26C-5776-4F13-B48A-4C68E4CFA301}.Debug|Any CPU.ActiveCfg = Debug|Any CPU
		{ECC0D26C-5776-4F13-B48A-4C68E4CFA301}.Debug|Any CPU.Build.0 = Debug|Any CPU
		{ECC0D26C-5776-4F13-B48A-4C68E4CFA301}.Release|Any CPU.ActiveCfg = Release|Any CPU
		{ECC0D26C-5776-4F13-B48A-4C68E4CFA301}.Release|Any CPU.Build.0 = Release|Any CPU
	EndGlobalSection
	GlobalSection(SolutionProperties) = preSolution
		HideSolutionNode = FALSE
	EndGlobalSection
EndGlobal
